// !$*UTF8*$!
{
	archiveVersion = 1;
	classes = {
	};
	objectVersion = 46;
	objects = {

/* Begin PBXBuildFile section */
		7A33768A248EA7C7004F2285 /* ManuallyEnterViewController.swift in Sources */ = {isa = PBXBuildFile; fileRef = 7A337689248EA7C7004F2285 /* ManuallyEnterViewController.swift */; };
		7A55ECB6248ECA9B0017C3A1 /* earthBackground in Resources */ = {isa = PBXBuildFile; fileRef = 7A55ECB5248ECA9B0017C3A1 /* earthBackground */; };
		7A55ECBA248EE6500017C3A1 /* ScoreViewController.swift in Sources */ = {isa = PBXBuildFile; fileRef = 7A55ECB9248EE6500017C3A1 /* ScoreViewController.swift */; };
		7A55ECC2248F03FD0017C3A1 /* GoogleService-Info.plist in Resources */ = {isa = PBXBuildFile; fileRef = 7A55ECC1248F03FD0017C3A1 /* GoogleService-Info.plist */; };
		7A55ECC4248F04200017C3A1 /* scannerImage in Resources */ = {isa = PBXBuildFile; fileRef = 7A55ECC3248F04200017C3A1 /* scannerImage */; };
		7A77AD03249186FB003EBB30 /* Assets.xcassets in Resources */ = {isa = PBXBuildFile; fileRef = F4F09DBD1DAF669400026BB2 /* Assets.xcassets */; };
		7A77AD0524920253003EBB30 /* BarcodeNotFoundViewController.swift in Sources */ = {isa = PBXBuildFile; fileRef = 7A77AD0424920253003EBB30 /* BarcodeNotFoundViewController.swift */; };
		7A77AD072492037A003EBB30 /* LearnMoreViewController.swift in Sources */ = {isa = PBXBuildFile; fileRef = 7A77AD062492037A003EBB30 /* LearnMoreViewController.swift */; };
		7AD3952124884B40007F826C /* StartViewController.swift in Sources */ = {isa = PBXBuildFile; fileRef = 7AD3952024884B40007F826C /* StartViewController.swift */; };
		7AD3952324884B4B007F826C /* LoginViewController.swift in Sources */ = {isa = PBXBuildFile; fileRef = 7AD3952224884B4B007F826C /* LoginViewController.swift */; };
		7AD3952524884C03007F826C /* SignUpViewController.swift in Sources */ = {isa = PBXBuildFile; fileRef = 7AD3952424884C03007F826C /* SignUpViewController.swift */; };
		7AD3952724884C0F007F826C /* HomeViewController.swift in Sources */ = {isa = PBXBuildFile; fileRef = 7AD3952624884C0F007F826C /* HomeViewController.swift */; };
		7AEDBE5A240B0D9C00B32709 /* HomePage.swift in Sources */ = {isa = PBXBuildFile; fileRef = 7AEDBE59240B0D9C00B32709 /* HomePage.swift */; };
		7AEDBE5E240B2B6F00B32709 /* SearchID.swift in Sources */ = {isa = PBXBuildFile; fileRef = 7AEDBE5D240B2B6F00B32709 /* SearchID.swift */; };
		7AEDBE64240B63A700B32709 /* DescriptionController.swift in Sources */ = {isa = PBXBuildFile; fileRef = 7AEDBE63240B63A700B32709 /* DescriptionController.swift */; };
		E482F8461B57431DAB41CD88 /* Pods_QRCodeReader.framework in Frameworks */ = {isa = PBXBuildFile; fileRef = EA52F7C42B0DD34F7547E9F4 /* Pods_QRCodeReader.framework */; };
		F4F09DB71DAF669400026BB2 /* AppDelegate.swift in Sources */ = {isa = PBXBuildFile; fileRef = F4F09DB61DAF669400026BB2 /* AppDelegate.swift */; };
		F4F09DBC1DAF669400026BB2 /* Main.storyboard in Resources */ = {isa = PBXBuildFile; fileRef = F4F09DBA1DAF669400026BB2 /* Main.storyboard */; };
		F4F09DC91DAF6A3800026BB2 /* PreScanpage.swift in Sources */ = {isa = PBXBuildFile; fileRef = F4F09DC81DAF6A3800026BB2 /* PreScanpage.swift */; };
		F4F09DCB1DAF6A4F00026BB2 /* Scanner.swift in Sources */ = {isa = PBXBuildFile; fileRef = F4F09DCA1DAF6A4F00026BB2 /* Scanner.swift */; };
/* End PBXBuildFile section */

/* Begin PBXFileReference section */
		6519A259AEC1714AC3EAFB9E /* Pods-QRCodeReader.debug.xcconfig */ = {isa = PBXFileReference; includeInIndex = 1; lastKnownFileType = text.xcconfig; name = "Pods-QRCodeReader.debug.xcconfig"; path = "Target Support Files/Pods-QRCodeReader/Pods-QRCodeReader.debug.xcconfig"; sourceTree = "<group>"; };
		7A337689248EA7C7004F2285 /* ManuallyEnterViewController.swift */ = {isa = PBXFileReference; lastKnownFileType = sourcecode.swift; path = ManuallyEnterViewController.swift; sourceTree = "<group>"; };
		7A55ECB5248ECA9B0017C3A1 /* earthBackground */ = {isa = PBXFileReference; lastKnownFileType = file; name = earthBackground; path = QRCodeReader/earthBackground; sourceTree = "<group>"; };
		7A55ECB9248EE6500017C3A1 /* ScoreViewController.swift */ = {isa = PBXFileReference; lastKnownFileType = sourcecode.swift; path = ScoreViewController.swift; sourceTree = "<group>"; };
		7A55ECC1248F03FD0017C3A1 /* GoogleService-Info.plist */ = {isa = PBXFileReference; fileEncoding = 4; lastKnownFileType = text.plist.xml; name = "GoogleService-Info.plist"; path = "../../../Downloads/GoogleService-Info.plist"; sourceTree = "<group>"; };
		7A55ECC3248F04200017C3A1 /* scannerImage */ = {isa = PBXFileReference; lastKnownFileType = file; name = scannerImage; path = QRCodeReader/scannerImage; sourceTree = "<group>"; };
		7A77AD0224918540003EBB30 /* dials */ = {isa = PBXFileReference; lastKnownFileType = folder; name = dials; path = /Users/vishesh/Desktop/EcoScannerV1/QRCodeReader/dials; sourceTree = "<absolute>"; };
		7A77AD0424920253003EBB30 /* BarcodeNotFoundViewController.swift */ = {isa = PBXFileReference; lastKnownFileType = sourcecode.swift; path = BarcodeNotFoundViewController.swift; sourceTree = "<group>"; };
		7A77AD062492037A003EBB30 /* LearnMoreViewController.swift */ = {isa = PBXFileReference; lastKnownFileType = sourcecode.swift; path = LearnMoreViewController.swift; sourceTree = "<group>"; };
		7AD3952024884B40007F826C /* StartViewController.swift */ = {isa = PBXFileReference; lastKnownFileType = sourcecode.swift; path = StartViewController.swift; sourceTree = "<group>"; };
		7AD3952224884B4B007F826C /* LoginViewController.swift */ = {isa = PBXFileReference; lastKnownFileType = sourcecode.swift; path = LoginViewController.swift; sourceTree = "<group>"; };
		7AD3952424884C03007F826C /* SignUpViewController.swift */ = {isa = PBXFileReference; lastKnownFileType = sourcecode.swift; path = SignUpViewController.swift; sourceTree = "<group>"; };
		7AD3952624884C0F007F826C /* HomeViewController.swift */ = {isa = PBXFileReference; lastKnownFileType = sourcecode.swift; path = HomeViewController.swift; sourceTree = "<group>"; };
		7AEDBE59240B0D9C00B32709 /* HomePage.swift */ = {isa = PBXFileReference; lastKnownFileType = sourcecode.swift; path = HomePage.swift; sourceTree = "<group>"; };
		7AEDBE5D240B2B6F00B32709 /* SearchID.swift */ = {isa = PBXFileReference; lastKnownFileType = sourcecode.swift; path = SearchID.swift; sourceTree = "<group>"; };
		7AEDBE63240B63A700B32709 /* DescriptionController.swift */ = {isa = PBXFileReference; lastKnownFileType = sourcecode.swift; path = DescriptionController.swift; sourceTree = "<group>"; };
		AAACE15AEAD1E16A203B1772 /* Pods-QRCodeReader.release.xcconfig */ = {isa = PBXFileReference; includeInIndex = 1; lastKnownFileType = text.xcconfig; name = "Pods-QRCodeReader.release.xcconfig"; path = "Target Support Files/Pods-QRCodeReader/Pods-QRCodeReader.release.xcconfig"; sourceTree = "<group>"; };
		EA52F7C42B0DD34F7547E9F4 /* Pods_QRCodeReader.framework */ = {isa = PBXFileReference; explicitFileType = wrapper.framework; includeInIndex = 0; path = Pods_QRCodeReader.framework; sourceTree = BUILT_PRODUCTS_DIR; };
		F4F09DB31DAF669400026BB2 /* QRCodeReader.app */ = {isa = PBXFileReference; explicitFileType = wrapper.application; includeInIndex = 0; path = QRCodeReader.app; sourceTree = BUILT_PRODUCTS_DIR; };
		F4F09DB61DAF669400026BB2 /* AppDelegate.swift */ = {isa = PBXFileReference; lastKnownFileType = sourcecode.swift; path = AppDelegate.swift; sourceTree = "<group>"; };
		F4F09DBB1DAF669400026BB2 /* Base */ = {isa = PBXFileReference; lastKnownFileType = file.storyboard; name = Base; path = Base.lproj/Main.storyboard; sourceTree = "<group>"; };
		F4F09DBD1DAF669400026BB2 /* Assets.xcassets */ = {isa = PBXFileReference; lastKnownFileType = folder.assetcatalog; path = Assets.xcassets; sourceTree = "<group>"; };
		F4F09DC21DAF669400026BB2 /* Info.plist */ = {isa = PBXFileReference; lastKnownFileType = text.plist.xml; path = Info.plist; sourceTree = "<group>"; };
		F4F09DC81DAF6A3800026BB2 /* PreScanpage.swift */ = {isa = PBXFileReference; fileEncoding = 4; lastKnownFileType = sourcecode.swift; path = PreScanpage.swift; sourceTree = "<group>"; };
		F4F09DCA1DAF6A4F00026BB2 /* Scanner.swift */ = {isa = PBXFileReference; fileEncoding = 4; lastKnownFileType = sourcecode.swift; path = Scanner.swift; sourceTree = "<group>"; };
/* End PBXFileReference section */

/* Begin PBXFrameworksBuildPhase section */
		F4F09DB01DAF669400026BB2 /* Frameworks */ = {
			isa = PBXFrameworksBuildPhase;
			buildActionMask = 2147483647;
			files = (
				E482F8461B57431DAB41CD88 /* Pods_QRCodeReader.framework in Frameworks */,
			);
			runOnlyForDeploymentPostprocessing = 0;
		};
/* End PBXFrameworksBuildPhase section */

/* Begin PBXGroup section */
		267F1659AEB236D58D0AD087 /* Frameworks */ = {
			isa = PBXGroup;
			children = (
				EA52F7C42B0DD34F7547E9F4 /* Pods_QRCodeReader.framework */,
			);
			name = Frameworks;
			sourceTree = "<group>";
		};
		69EBD77963ED5C9B65EB398B /* Pods */ = {
			isa = PBXGroup;
			children = (
				6519A259AEC1714AC3EAFB9E /* Pods-QRCodeReader.debug.xcconfig */,
				AAACE15AEAD1E16A203B1772 /* Pods-QRCodeReader.release.xcconfig */,
			);
			path = Pods;
			sourceTree = "<group>";
		};
		7AFB712324901EDF005DFA9A /* Account Pages */ = {
			isa = PBXGroup;
			children = (
				7AD3952224884B4B007F826C /* LoginViewController.swift */,
				7AD3952024884B40007F826C /* StartViewController.swift */,
				7AD3952424884C03007F826C /* SignUpViewController.swift */,
				7AD3952624884C0F007F826C /* HomeViewController.swift */,
			);
			path = "Account Pages";
			sourceTree = "<group>";
		};
		F4F09DAA1DAF669400026BB2 = {
			isa = PBXGroup;
			children = (
				F4F09DB51DAF669400026BB2 /* QRCodeReader */,
				F4F09DB41DAF669400026BB2 /* Products */,
				7A55ECB5248ECA9B0017C3A1 /* earthBackground */,
				7A55ECC3248F04200017C3A1 /* scannerImage */,
				69EBD77963ED5C9B65EB398B /* Pods */,
				267F1659AEB236D58D0AD087 /* Frameworks */,
			);
			sourceTree = "<group>";
		};
		F4F09DB41DAF669400026BB2 /* Products */ = {
			isa = PBXGroup;
			children = (
				F4F09DB31DAF669400026BB2 /* QRCodeReader.app */,
			);
			name = Products;
			sourceTree = "<group>";
		};
		F4F09DB51DAF669400026BB2 /* QRCodeReader */ = {
			isa = PBXGroup;
			children = (
				F4F09DB61DAF669400026BB2 /* AppDelegate.swift */,
				F4F09DBA1DAF669400026BB2 /* Main.storyboard */,
				F4F09DBD1DAF669400026BB2 /* Assets.xcassets */,
				7A77AD0224918540003EBB30 /* dials */,
				F4F09DC21DAF669400026BB2 /* Info.plist */,
				7A55ECC1248F03FD0017C3A1 /* GoogleService-Info.plist */,
				7AEDBE59240B0D9C00B32709 /* HomePage.swift */,
				7A337689248EA7C7004F2285 /* ManuallyEnterViewController.swift */,
				7A55ECB9248EE6500017C3A1 /* ScoreViewController.swift */,
				7AEDBE5D240B2B6F00B32709 /* SearchID.swift */,
				7A77AD062492037A003EBB30 /* LearnMoreViewController.swift */,
				F4F09DC81DAF6A3800026BB2 /* PreScanpage.swift */,
				7A77AD0424920253003EBB30 /* BarcodeNotFoundViewController.swift */,
				F4F09DCA1DAF6A4F00026BB2 /* Scanner.swift */,
				7AEDBE63240B63A700B32709 /* DescriptionController.swift */,
				7AFB712324901EDF005DFA9A /* Account Pages */,
			);
			path = QRCodeReader;
			sourceTree = "<group>";
		};
/* End PBXGroup section */

/* Begin PBXNativeTarget section */
		F4F09DB21DAF669400026BB2 /* QRCodeReader */ = {
			isa = PBXNativeTarget;
			buildConfigurationList = F4F09DC51DAF669400026BB2 /* Build configuration list for PBXNativeTarget "QRCodeReader" */;
			buildPhases = (
				BAAD85151B9ABF463B2591B7 /* [CP] Check Pods Manifest.lock */,
				F4F09DAF1DAF669400026BB2 /* Sources */,
				F4F09DB01DAF669400026BB2 /* Frameworks */,
				F4F09DB11DAF669400026BB2 /* Resources */,
				E8752DA32992D38236397741 /* [CP] Embed Pods Frameworks */,
			);
			buildRules = (
			);
			dependencies = (
			);
			name = QRCodeReader;
			productName = QRCodeReader;
			productReference = F4F09DB31DAF669400026BB2 /* QRCodeReader.app */;
			productType = "com.apple.product-type.application";
		};
/* End PBXNativeTarget section */

/* Begin PBXProject section */
		F4F09DAB1DAF669400026BB2 /* Project object */ = {
			isa = PBXProject;
			attributes = {
				LastSwiftUpdateCheck = 0800;
				LastUpgradeCheck = 0910;
				ORGANIZATIONNAME = AppCoda;
				TargetAttributes = {
					F4F09DB21DAF669400026BB2 = {
						CreatedOnToolsVersion = 8.0;
						LastSwiftMigration = 1020;
						ProvisioningStyle = Manual;
					};
				};
			};
			buildConfigurationList = F4F09DAE1DAF669400026BB2 /* Build configuration list for PBXProject "QRCodeReader" */;
			compatibilityVersion = "Xcode 3.2";
			developmentRegion = English;
			hasScannedForEncodings = 0;
			knownRegions = (
				English,
				en,
				Base,
			);
			mainGroup = F4F09DAA1DAF669400026BB2;
			productRefGroup = F4F09DB41DAF669400026BB2 /* Products */;
			projectDirPath = "";
			projectRoot = "";
			targets = (
				F4F09DB21DAF669400026BB2 /* QRCodeReader */,
			);
		};
/* End PBXProject section */

/* Begin PBXResourcesBuildPhase section */
		F4F09DB11DAF669400026BB2 /* Resources */ = {
			isa = PBXResourcesBuildPhase;
			buildActionMask = 2147483647;
			files = (
				7A55ECC4248F04200017C3A1 /* scannerImage in Resources */,
				7A55ECB6248ECA9B0017C3A1 /* earthBackground in Resources */,
				F4F09DBC1DAF669400026BB2 /* Main.storyboard in Resources */,
				7A55ECC2248F03FD0017C3A1 /* GoogleService-Info.plist in Resources */,
				7A77AD03249186FB003EBB30 /* Assets.xcassets in Resources */,
			);
			runOnlyForDeploymentPostprocessing = 0;
		};
/* End PBXResourcesBuildPhase section */

/* Begin PBXShellScriptBuildPhase section */
		BAAD85151B9ABF463B2591B7 /* [CP] Check Pods Manifest.lock */ = {
			isa = PBXShellScriptBuildPhase;
			buildActionMask = 2147483647;
			files = (
			);
			inputFileListPaths = (
			);
			inputPaths = (
				"${PODS_PODFILE_DIR_PATH}/Podfile.lock",
				"${PODS_ROOT}/Manifest.lock",
			);
			name = "[CP] Check Pods Manifest.lock";
			outputFileListPaths = (
			);
			outputPaths = (
				"$(DERIVED_FILE_DIR)/Pods-QRCodeReader-checkManifestLockResult.txt",
			);
			runOnlyForDeploymentPostprocessing = 0;
			shellPath = /bin/sh;
			shellScript = "diff \"${PODS_PODFILE_DIR_PATH}/Podfile.lock\" \"${PODS_ROOT}/Manifest.lock\" > /dev/null\nif [ $? != 0 ] ; then\n    # print error to STDERR\n    echo \"error: The sandbox is not in sync with the Podfile.lock. Run 'pod install' or update your CocoaPods installation.\" >&2\n    exit 1\nfi\n# This output is used by Xcode 'outputs' to avoid re-running this script phase.\necho \"SUCCESS\" > \"${SCRIPT_OUTPUT_FILE_0}\"\n";
			showEnvVarsInLog = 0;
		};
		E8752DA32992D38236397741 /* [CP] Embed Pods Frameworks */ = {
			isa = PBXShellScriptBuildPhase;
			buildActionMask = 2147483647;
			files = (
			);
			inputPaths = (
				"${PODS_ROOT}/Target Support Files/Pods-QRCodeReader/Pods-QRCodeReader-frameworks.sh",
				"${BUILT_PRODUCTS_DIR}/BoringSSL-GRPC/openssl_grpc.framework",
				"${BUILT_PRODUCTS_DIR}/GTMSessionFetcher/GTMSessionFetcher.framework",
				"${BUILT_PRODUCTS_DIR}/GoogleUtilities/GoogleUtilities.framework",
				"${BUILT_PRODUCTS_DIR}/PromisesObjC/FBLPromises.framework",
				"${BUILT_PRODUCTS_DIR}/abseil/absl.framework",
				"${BUILT_PRODUCTS_DIR}/gRPC-C++/grpcpp.framework",
				"${BUILT_PRODUCTS_DIR}/gRPC-Core/grpc.framework",
				"${BUILT_PRODUCTS_DIR}/leveldb-library/leveldb.framework",
				"${BUILT_PRODUCTS_DIR}/nanopb/nanopb.framework",
			);
			name = "[CP] Embed Pods Frameworks";
			outputPaths = (
				"${TARGET_BUILD_DIR}/${FRAMEWORKS_FOLDER_PATH}/openssl_grpc.framework",
				"${TARGET_BUILD_DIR}/${FRAMEWORKS_FOLDER_PATH}/GTMSessionFetcher.framework",
				"${TARGET_BUILD_DIR}/${FRAMEWORKS_FOLDER_PATH}/GoogleUtilities.framework",
				"${TARGET_BUILD_DIR}/${FRAMEWORKS_FOLDER_PATH}/FBLPromises.framework",
				"${TARGET_BUILD_DIR}/${FRAMEWORKS_FOLDER_PATH}/absl.framework",
				"${TARGET_BUILD_DIR}/${FRAMEWORKS_FOLDER_PATH}/grpcpp.framework",
				"${TARGET_BUILD_DIR}/${FRAMEWORKS_FOLDER_PATH}/grpc.framework",
				"${TARGET_BUILD_DIR}/${FRAMEWORKS_FOLDER_PATH}/leveldb.framework",
				"${TARGET_BUILD_DIR}/${FRAMEWORKS_FOLDER_PATH}/nanopb.framework",
			);
			runOnlyForDeploymentPostprocessing = 0;
			shellPath = /bin/sh;
			shellScript = "\"${PODS_ROOT}/Target Support Files/Pods-QRCodeReader/Pods-QRCodeReader-frameworks.sh\"\n";
			showEnvVarsInLog = 0;
		};
/* End PBXShellScriptBuildPhase section */

/* Begin PBXSourcesBuildPhase section */
		F4F09DAF1DAF669400026BB2 /* Sources */ = {
			isa = PBXSourcesBuildPhase;
			buildActionMask = 2147483647;
			files = (
				F4F09DC91DAF6A3800026BB2 /* PreScanpage.swift in Sources */,
				7AD3952124884B40007F826C /* StartViewController.swift in Sources */,
				F4F09DB71DAF669400026BB2 /* AppDelegate.swift in Sources */,
				7AEDBE64240B63A700B32709 /* DescriptionController.swift in Sources */,
				7A77AD0524920253003EBB30 /* BarcodeNotFoundViewController.swift in Sources */,
				7AD3952324884B4B007F826C /* LoginViewController.swift in Sources */,
				7AD3952724884C0F007F826C /* HomeViewController.swift in Sources */,
				7A77AD072492037A003EBB30 /* LearnMoreViewController.swift in Sources */,
				F4F09DCB1DAF6A4F00026BB2 /* Scanner.swift in Sources */,
				7AD3952524884C03007F826C /* SignUpViewController.swift in Sources */,
				7AEDBE5A240B0D9C00B32709 /* HomePage.swift in Sources */,
				7AEDBE5E240B2B6F00B32709 /* SearchID.swift in Sources */,
				7A33768A248EA7C7004F2285 /* ManuallyEnterViewController.swift in Sources */,
				7A55ECBA248EE6500017C3A1 /* ScoreViewController.swift in Sources */,
			);
			runOnlyForDeploymentPostprocessing = 0;
		};
/* End PBXSourcesBuildPhase section */

/* Begin PBXVariantGroup section */
		F4F09DBA1DAF669400026BB2 /* Main.storyboard */ = {
			isa = PBXVariantGroup;
			children = (
				F4F09DBB1DAF669400026BB2 /* Base */,
			);
			name = Main.storyboard;
			sourceTree = "<group>";
		};
/* End PBXVariantGroup section */

/* Begin XCBuildConfiguration section */
		F4F09DC31DAF669400026BB2 /* Debug */ = {
			isa = XCBuildConfiguration;
			buildSettings = {
				ALWAYS_SEARCH_USER_PATHS = NO;
				CLANG_ANALYZER_NONNULL = YES;
				CLANG_CXX_LANGUAGE_STANDARD = "gnu++0x";
				CLANG_CXX_LIBRARY = "libc++";
				CLANG_ENABLE_MODULES = YES;
				CLANG_ENABLE_OBJC_ARC = YES;
				CLANG_WARN_BLOCK_CAPTURE_AUTORELEASING = YES;
				CLANG_WARN_BOOL_CONVERSION = YES;
				CLANG_WARN_COMMA = YES;
				CLANG_WARN_CONSTANT_CONVERSION = YES;
				CLANG_WARN_DIRECT_OBJC_ISA_USAGE = YES_ERROR;
				CLANG_WARN_DOCUMENTATION_COMMENTS = YES;
				CLANG_WARN_EMPTY_BODY = YES;
				CLANG_WARN_ENUM_CONVERSION = YES;
				CLANG_WARN_INFINITE_RECURSION = YES;
				CLANG_WARN_INT_CONVERSION = YES;
				CLANG_WARN_NON_LITERAL_NULL_CONVERSION = YES;
				CLANG_WARN_OBJC_LITERAL_CONVERSION = YES;
				CLANG_WARN_OBJC_ROOT_CLASS = YES_ERROR;
				CLANG_WARN_RANGE_LOOP_ANALYSIS = YES;
				CLANG_WARN_STRICT_PROTOTYPES = YES;
				CLANG_WARN_SUSPICIOUS_MOVE = YES;
				CLANG_WARN_SUSPICIOUS_MOVES = YES;
				CLANG_WARN_UNREACHABLE_CODE = YES;
				CLANG_WARN__DUPLICATE_METHOD_MATCH = YES;
				"CODE_SIGN_IDENTITY[sdk=iphoneos*]" = "iPhone Developer";
				COPY_PHASE_STRIP = NO;
				DEBUG_INFORMATION_FORMAT = dwarf;
				ENABLE_STRICT_OBJC_MSGSEND = YES;
				ENABLE_TESTABILITY = YES;
				GCC_C_LANGUAGE_STANDARD = gnu99;
				GCC_DYNAMIC_NO_PIC = NO;
				GCC_NO_COMMON_BLOCKS = YES;
				GCC_OPTIMIZATION_LEVEL = 0;
				GCC_PREPROCESSOR_DEFINITIONS = (
					"DEBUG=1",
					"$(inherited)",
				);
				GCC_WARN_64_TO_32_BIT_CONVERSION = YES;
				GCC_WARN_ABOUT_RETURN_TYPE = YES_ERROR;
				GCC_WARN_UNDECLARED_SELECTOR = YES;
				GCC_WARN_UNINITIALIZED_AUTOS = YES_AGGRESSIVE;
				GCC_WARN_UNUSED_FUNCTION = YES;
				GCC_WARN_UNUSED_VARIABLE = YES;
				IPHONEOS_DEPLOYMENT_TARGET = 11.0;
				MTL_ENABLE_DEBUG_INFO = YES;
				ONLY_ACTIVE_ARCH = YES;
				SDKROOT = iphoneos;
				SWIFT_ACTIVE_COMPILATION_CONDITIONS = DEBUG;
				SWIFT_OPTIMIZATION_LEVEL = "-Onone";
				TARGETED_DEVICE_FAMILY = "1,2";
			};
			name = Debug;
		};
		F4F09DC41DAF669400026BB2 /* Release */ = {
			isa = XCBuildConfiguration;
			buildSettings = {
				ALWAYS_SEARCH_USER_PATHS = NO;
				CLANG_ANALYZER_NONNULL = YES;
				CLANG_CXX_LANGUAGE_STANDARD = "gnu++0x";
				CLANG_CXX_LIBRARY = "libc++";
				CLANG_ENABLE_MODULES = YES;
				CLANG_ENABLE_OBJC_ARC = YES;
				CLANG_WARN_BLOCK_CAPTURE_AUTORELEASING = YES;
				CLANG_WARN_BOOL_CONVERSION = YES;
				CLANG_WARN_COMMA = YES;
				CLANG_WARN_CONSTANT_CONVERSION = YES;
				CLANG_WARN_DIRECT_OBJC_ISA_USAGE = YES_ERROR;
				CLANG_WARN_DOCUMENTATION_COMMENTS = YES;
				CLANG_WARN_EMPTY_BODY = YES;
				CLANG_WARN_ENUM_CONVERSION = YES;
				CLANG_WARN_INFINITE_RECURSION = YES;
				CLANG_WARN_INT_CONVERSION = YES;
				CLANG_WARN_NON_LITERAL_NULL_CONVERSION = YES;
				CLANG_WARN_OBJC_LITERAL_CONVERSION = YES;
				CLANG_WARN_OBJC_ROOT_CLASS = YES_ERROR;
				CLANG_WARN_RANGE_LOOP_ANALYSIS = YES;
				CLANG_WARN_STRICT_PROTOTYPES = YES;
				CLANG_WARN_SUSPICIOUS_MOVE = YES;
				CLANG_WARN_SUSPICIOUS_MOVES = YES;
				CLANG_WARN_UNREACHABLE_CODE = YES;
				CLANG_WARN__DUPLICATE_METHOD_MATCH = YES;
				"CODE_SIGN_IDENTITY[sdk=iphoneos*]" = "iPhone Developer";
				COPY_PHASE_STRIP = NO;
				DEBUG_INFORMATION_FORMAT = "dwarf-with-dsym";
				ENABLE_NS_ASSERTIONS = NO;
				ENABLE_STRICT_OBJC_MSGSEND = YES;
				GCC_C_LANGUAGE_STANDARD = gnu99;
				GCC_NO_COMMON_BLOCKS = YES;
				GCC_WARN_64_TO_32_BIT_CONVERSION = YES;
				GCC_WARN_ABOUT_RETURN_TYPE = YES_ERROR;
				GCC_WARN_UNDECLARED_SELECTOR = YES;
				GCC_WARN_UNINITIALIZED_AUTOS = YES_AGGRESSIVE;
				GCC_WARN_UNUSED_FUNCTION = YES;
				GCC_WARN_UNUSED_VARIABLE = YES;
				IPHONEOS_DEPLOYMENT_TARGET = 11.0;
				MTL_ENABLE_DEBUG_INFO = NO;
				SDKROOT = iphoneos;
				SWIFT_OPTIMIZATION_LEVEL = "-Owholemodule";
				TARGETED_DEVICE_FAMILY = "1,2";
				VALIDATE_PRODUCT = YES;
			};
			name = Release;
		};
		F4F09DC61DAF669400026BB2 /* Debug */ = {
			isa = XCBuildConfiguration;
			baseConfigurationReference = 6519A259AEC1714AC3EAFB9E /* Pods-QRCodeReader.debug.xcconfig */;
			buildSettings = {
				ASSETCATALOG_COMPILER_APPICON_NAME = AppIcon;
				CODE_SIGN_IDENTITY = "Apple Development";
				CODE_SIGN_STYLE = Manual;
				DEVELOPMENT_TEAM = "";
				INFOPLIST_FILE = QRCodeReader/Info.plist;
				LD_RUNPATH_SEARCH_PATHS = "$(inherited) @executable_path/Frameworks";
				PRODUCT_BUNDLE_IDENTIFIER = com.vishesh.QRCodeReader;
				PRODUCT_NAME = "$(TARGET_NAME)";
				PROVISIONING_PROFILE_SPECIFIER = "";
				SWIFT_VERSION = 5.0;
			};
			name = Debug;
		};
		F4F09DC71DAF669400026BB2 /* Release */ = {
			isa = XCBuildConfiguration;
			baseConfigurationReference = AAACE15AEAD1E16A203B1772 /* Pods-QRCodeReader.release.xcconfig */;
			buildSettings = {
				ASSETCATALOG_COMPILER_APPICON_NAME = AppIcon;
				CODE_SIGN_IDENTITY = "Apple Development";
				CODE_SIGN_STYLE = Manual;
				DEVELOPMENT_TEAM = "";
				INFOPLIST_FILE = QRCodeReader/Info.plist;
				LD_RUNPATH_SEARCH_PATHS = "$(inherited) @executable_path/Frameworks";
				PRODUCT_BUNDLE_IDENTIFIER = com.vishesh.QRCodeReader;
				PRODUCT_NAME = "$(TARGET_NAME)";
				PROVISIONING_PROFILE_SPECIFIER = "";
				SWIFT_VERSION = 5.0;
			};
			name = Release;
		};
/* End XCBuildConfiguration section */

/* Begin XCConfigurationList section */
		F4F09DAE1DAF669400026BB2 /* Build configuration list for PBXProject "QRCodeReader" */ = {
			isa = XCConfigurationList;
			buildConfigurations = (
				F4F09DC31DAF669400026BB2 /* Debug */,
				F4F09DC41DAF669400026BB2 /* Release */,
			);
			defaultConfigurationIsVisible = 0;
			defaultConfigurationName = Release;
		};
		F4F09DC51DAF669400026BB2 /* Build configuration list for PBXNativeTarget "QRCodeReader" */ = {
			isa = XCConfigurationList;
			buildConfigurations = (
				F4F09DC61DAF669400026BB2 /* Debug */,
				F4F09DC71DAF669400026BB2 /* Release */,
			);
			defaultConfigurationIsVisible = 0;
			defaultConfigurationName = Release;
		};
/* End XCConfigurationList section */
	};
	rootObject = F4F09DAB1DAF669400026BB2 /* Project object */;
}
